// !$*UTF8*$!
{
	archiveVersion = 1;
	classes = {
	};
	objectVersion = 46;
	objects = {

/* Begin PBXBuildFile section */
		DBEAC2D51A4EF46800CD918E /* WeatherForecastSlot.swift in Sources */ = {isa = PBXBuildFile; fileRef = DBEAC2D41A4EF46800CD918E /* WeatherForecastSlot.swift */; };
		DBEAC2D71A4EF58200CD918E /* WeatherForecastFactory.swift in Sources */ = {isa = PBXBuildFile; fileRef = DBEAC2D61A4EF58200CD918E /* WeatherForecastFactory.swift */; };
		DBEAC2DB1A5123A400CD918E /* Customer.swift in Sources */ = {isa = PBXBuildFile; fileRef = DBEAC2DA1A5123A400CD918E /* Customer.swift */; };
		DBEAC2DD1A51256E00CD918E /* CustomerFactory.swift in Sources */ = {isa = PBXBuildFile; fileRef = DBEAC2DC1A51256E00CD918E /* CustomerFactory.swift */; };
		DBF7A7C61A4E6F3700B1D909 /* AppDelegate.swift in Sources */ = {isa = PBXBuildFile; fileRef = DBF7A7C51A4E6F3700B1D909 /* AppDelegate.swift */; };
		DBF7A7C81A4E6F3700B1D909 /* ViewController.swift in Sources */ = {isa = PBXBuildFile; fileRef = DBF7A7C71A4E6F3700B1D909 /* ViewController.swift */; };
		DBF7A7CB1A4E6F3700B1D909 /* Main.storyboard in Resources */ = {isa = PBXBuildFile; fileRef = DBF7A7C91A4E6F3700B1D909 /* Main.storyboard */; };
		DBF7A7CD1A4E6F3700B1D909 /* Images.xcassets in Resources */ = {isa = PBXBuildFile; fileRef = DBF7A7CC1A4E6F3700B1D909 /* Images.xcassets */; };
		DBF7A7D01A4E6F3700B1D909 /* LaunchScreen.xib in Resources */ = {isa = PBXBuildFile; fileRef = DBF7A7CE1A4E6F3700B1D909 /* LaunchScreen.xib */; };
		DBF7A7DC1A4E6F3700B1D909 /* Lemonade_StandTests.swift in Sources */ = {isa = PBXBuildFile; fileRef = DBF7A7DB1A4E6F3700B1D909 /* Lemonade_StandTests.swift */; };
/* End PBXBuildFile section */

/* Begin PBXContainerItemProxy section */
		DBF7A7D61A4E6F3700B1D909 /* PBXContainerItemProxy */ = {
			isa = PBXContainerItemProxy;
			containerPortal = DBF7A7B81A4E6F3700B1D909 /* Project object */;
			proxyType = 1;
			remoteGlobalIDString = DBF7A7BF1A4E6F3700B1D909;
			remoteInfo = "Lemonade Stand";
		};
/* End PBXContainerItemProxy section */

/* Begin PBXFileReference section */
		DBEAC2D41A4EF46800CD918E /* WeatherForecastSlot.swift */ = {isa = PBXFileReference; fileEncoding = 4; lastKnownFileType = sourcecode.swift; path = WeatherForecastSlot.swift; sourceTree = "<group>"; };
		DBEAC2D61A4EF58200CD918E /* WeatherForecastFactory.swift */ = {isa = PBXFileReference; fileEncoding = 4; lastKnownFileType = sourcecode.swift; path = WeatherForecastFactory.swift; sourceTree = "<group>"; };
		DBEAC2DA1A5123A400CD918E /* Customer.swift */ = {isa = PBXFileReference; fileEncoding = 4; lastKnownFileType = sourcecode.swift; path = Customer.swift; sourceTree = "<group>"; };
		DBEAC2DC1A51256E00CD918E /* CustomerFactory.swift */ = {isa = PBXFileReference; fileEncoding = 4; lastKnownFileType = sourcecode.swift; path = CustomerFactory.swift; sourceTree = "<group>"; };
		DBF7A7C01A4E6F3700B1D909 /* Lemonade Stand.app */ = {isa = PBXFileReference; explicitFileType = wrapper.application; includeInIndex = 0; path = "Lemonade Stand.app"; sourceTree = BUILT_PRODUCTS_DIR; };
		DBF7A7C41A4E6F3700B1D909 /* Info.plist */ = {isa = PBXFileReference; lastKnownFileType = text.plist.xml; path = Info.plist; sourceTree = "<group>"; };
		DBF7A7C51A4E6F3700B1D909 /* AppDelegate.swift */ = {isa = PBXFileReference; lastKnownFileType = sourcecode.swift; path = AppDelegate.swift; sourceTree = "<group>"; };
		DBF7A7C71A4E6F3700B1D909 /* ViewController.swift */ = {isa = PBXFileReference; lastKnownFileType = sourcecode.swift; path = ViewController.swift; sourceTree = "<group>"; };
		DBF7A7CA1A4E6F3700B1D909 /* Base */ = {isa = PBXFileReference; lastKnownFileType = file.storyboard; name = Base; path = Base.lproj/Main.storyboard; sourceTree = "<group>"; };
		DBF7A7CC1A4E6F3700B1D909 /* Images.xcassets */ = {isa = PBXFileReference; lastKnownFileType = folder.assetcatalog; path = Images.xcassets; sourceTree = "<group>"; };
		DBF7A7CF1A4E6F3700B1D909 /* Base */ = {isa = PBXFileReference; lastKnownFileType = file.xib; name = Base; path = Base.lproj/LaunchScreen.xib; sourceTree = "<group>"; };
		DBF7A7D51A4E6F3700B1D909 /* Lemonade StandTests.xctest */ = {isa = PBXFileReference; explicitFileType = wrapper.cfbundle; includeInIndex = 0; path = "Lemonade StandTests.xctest"; sourceTree = BUILT_PRODUCTS_DIR; };
		DBF7A7DA1A4E6F3700B1D909 /* Info.plist */ = {isa = PBXFileReference; lastKnownFileType = text.plist.xml; path = Info.plist; sourceTree = "<group>"; };
		DBF7A7DB1A4E6F3700B1D909 /* Lemonade_StandTests.swift */ = {isa = PBXFileReference; lastKnownFileType = sourcecode.swift; path = Lemonade_StandTests.swift; sourceTree = "<group>"; };
/* End PBXFileReference section */

/* Begin PBXFrameworksBuildPhase section */
		DBF7A7BD1A4E6F3700B1D909 /* Frameworks */ = {
			isa = PBXFrameworksBuildPhase;
			buildActionMask = 2147483647;
			files = (
			);
			runOnlyForDeploymentPostprocessing = 0;
		};
		DBF7A7D21A4E6F3700B1D909 /* Frameworks */ = {
			isa = PBXFrameworksBuildPhase;
			buildActionMask = 2147483647;
			files = (
			);
			runOnlyForDeploymentPostprocessing = 0;
		};
/* End PBXFrameworksBuildPhase section */

/* Begin PBXGroup section */
		DBF7A7B71A4E6F3700B1D909 = {
			isa = PBXGroup;
			children = (
				DBF7A7C21A4E6F3700B1D909 /* Lemonade Stand */,
				DBF7A7D81A4E6F3700B1D909 /* Lemonade StandTests */,
				DBF7A7C11A4E6F3700B1D909 /* Products */,
			);
			sourceTree = "<group>";
		};
		DBF7A7C11A4E6F3700B1D909 /* Products */ = {
			isa = PBXGroup;
			children = (
				DBF7A7C01A4E6F3700B1D909 /* Lemonade Stand.app */,
				DBF7A7D51A4E6F3700B1D909 /* Lemonade StandTests.xctest */,
			);
			name = Products;
			sourceTree = "<group>";
		};
		DBF7A7C21A4E6F3700B1D909 /* Lemonade Stand */ = {
			isa = PBXGroup;
			children = (
				DBF7A7C51A4E6F3700B1D909 /* AppDelegate.swift */,
				DBF7A7C71A4E6F3700B1D909 /* ViewController.swift */,
				DBEAC2D41A4EF46800CD918E /* WeatherForecastSlot.swift */,
				DBEAC2D61A4EF58200CD918E /* WeatherForecastFactory.swift */,
				DBEAC2DA1A5123A400CD918E /* Customer.swift */,
				DBEAC2DC1A51256E00CD918E /* CustomerFactory.swift */,
				DBF7A7C91A4E6F3700B1D909 /* Main.storyboard */,
				DBF7A7CC1A4E6F3700B1D909 /* Images.xcassets */,
				DBF7A7CE1A4E6F3700B1D909 /* LaunchScreen.xib */,
				DBF7A7C31A4E6F3700B1D909 /* Supporting Files */,
			);
			path = "Lemonade Stand";
			sourceTree = "<group>";
		};
		DBF7A7C31A4E6F3700B1D909 /* Supporting Files */ = {
			isa = PBXGroup;
			children = (
				DBF7A7C41A4E6F3700B1D909 /* Info.plist */,
			);
			name = "Supporting Files";
			sourceTree = "<group>";
		};
		DBF7A7D81A4E6F3700B1D909 /* Lemonade StandTests */ = {
			isa = PBXGroup;
			children = (
				DBF7A7DB1A4E6F3700B1D909 /* Lemonade_StandTests.swift */,
				DBF7A7D91A4E6F3700B1D909 /* Supporting Files */,
			);
			path = "Lemonade StandTests";
			sourceTree = "<group>";
		};
		DBF7A7D91A4E6F3700B1D909 /* Supporting Files */ = {
			isa = PBXGroup;
			children = (
				DBF7A7DA1A4E6F3700B1D909 /* Info.plist */,
			);
			name = "Supporting Files";
			sourceTree = "<group>";
		};
/* End PBXGroup section */

/* Begin PBXNativeTarget section */
		DBF7A7BF1A4E6F3700B1D909 /* Lemonade Stand */ = {
			isa = PBXNativeTarget;
			buildConfigurationList = DBF7A7DF1A4E6F3700B1D909 /* Build configuration list for PBXNativeTarget "Lemonade Stand" */;
			buildPhases = (
				DBF7A7BC1A4E6F3700B1D909 /* Sources */,
				DBF7A7BD1A4E6F3700B1D909 /* Frameworks */,
				DBF7A7BE1A4E6F3700B1D909 /* Resources */,
			);
			buildRules = (
			);
			dependencies = (
			);
			name = "Lemonade Stand";
			productName = "Lemonade Stand";
			productReference = DBF7A7C01A4E6F3700B1D909 /* Lemonade Stand.app */;
			productType = "com.apple.product-type.application";
		};
		DBF7A7D41A4E6F3700B1D909 /* Lemonade StandTests */ = {
			isa = PBXNativeTarget;
			buildConfigurationList = DBF7A7E21A4E6F3700B1D909 /* Build configuration list for PBXNativeTarget "Lemonade StandTests" */;
			buildPhases = (
				DBF7A7D11A4E6F3700B1D909 /* Sources */,
				DBF7A7D21A4E6F3700B1D909 /* Frameworks */,
				DBF7A7D31A4E6F3700B1D909 /* Resources */,
			);
			buildRules = (
			);
			dependencies = (
				DBF7A7D71A4E6F3700B1D909 /* PBXTargetDependency */,
			);
			name = "Lemonade StandTests";
			productName = "Lemonade StandTests";
			productReference = DBF7A7D51A4E6F3700B1D909 /* Lemonade StandTests.xctest */;
			productType = "com.apple.product-type.bundle.unit-test";
		};
/* End PBXNativeTarget section */

/* Begin PBXProject section */
		DBF7A7B81A4E6F3700B1D909 /* Project object */ = {
			isa = PBXProject;
			attributes = {
				LastUpgradeCheck = 0610;
				ORGANIZATIONNAME = "After Works Projects";
				TargetAttributes = {
					DBF7A7BF1A4E6F3700B1D909 = {
						CreatedOnToolsVersion = 6.1.1;
					};
					DBF7A7D41A4E6F3700B1D909 = {
						CreatedOnToolsVersion = 6.1.1;
						TestTargetID = DBF7A7BF1A4E6F3700B1D909;
					};
				};
			};
			buildConfigurationList = DBF7A7BB1A4E6F3700B1D909 /* Build configuration list for PBXProject "Lemonade Stand" */;
			compatibilityVersion = "Xcode 3.2";
			developmentRegion = English;
			hasScannedForEncodings = 0;
			knownRegions = (
				en,
				Base,
			);
			mainGroup = DBF7A7B71A4E6F3700B1D909;
			productRefGroup = DBF7A7C11A4E6F3700B1D909 /* Products */;
			projectDirPath = "";
			projectRoot = "";
			targets = (
				DBF7A7BF1A4E6F3700B1D909 /* Lemonade Stand */,
				DBF7A7D41A4E6F3700B1D909 /* Lemonade StandTests */,
			);
		};
/* End PBXProject section */

/* Begin PBXResourcesBuildPhase section */
		DBF7A7BE1A4E6F3700B1D909 /* Resources */ = {
			isa = PBXResourcesBuildPhase;
			buildActionMask = 2147483647;
			files = (
				DBF7A7CB1A4E6F3700B1D909 /* Main.storyboard in Resources */,
				DBF7A7D01A4E6F3700B1D909 /* LaunchScreen.xib in Resources */,
				DBF7A7CD1A4E6F3700B1D909 /* Images.xcassets in Resources */,
			);
			runOnlyForDeploymentPostprocessing = 0;
		};
		DBF7A7D31A4E6F3700B1D909 /* Resources */ = {
			isa = PBXResourcesBuildPhase;
			buildActionMask = 2147483647;
			files = (
			);
			runOnlyForDeploymentPostprocessing = 0;
		};
/* End PBXResourcesBuildPhase section */

/* Begin PBXSourcesBuildPhase section */
		DBF7A7BC1A4E6F3700B1D909 /* Sources */ = {
			isa = PBXSourcesBuildPhase;
			buildActionMask = 2147483647;
			files = (
				DBF7A7C81A4E6F3700B1D909 /* ViewController.swift in Sources */,
				DBEAC2DB1A5123A400CD918E /* Customer.swift in Sources */,
				DBEAC2D51A4EF46800CD918E /* WeatherForecastSlot.swift in Sources */,
				DBEAC2D71A4EF58200CD918E /* WeatherForecastFactory.swift in Sources */,
				DBEAC2DD1A51256E00CD918E /* CustomerFactory.swift in Sources */,
				DBF7A7C61A4E6F3700B1D909 /* AppDelegate.swift in Sources */,
			);
			runOnlyForDeploymentPostprocessing = 0;
		};
		DBF7A7D11A4E6F3700B1D909 /* Sources */ = {
			isa = PBXSourcesBuildPhase;
			buildActionMask = 2147483647;
			files = (
				DBF7A7DC1A4E6F3700B1D909 /* Lemonade_StandTests.swift in Sources */,
			);
			runOnlyForDeploymentPostprocessing = 0;
		};
/* End PBXSourcesBuildPhase section */

/* Begin PBXTargetDependency section */
		DBF7A7D71A4E6F3700B1D909 /* PBXTargetDependency */ = {
			isa = PBXTargetDependency;
			target = DBF7A7BF1A4E6F3700B1D909 /* Lemonade Stand */;
			targetProxy = DBF7A7D61A4E6F3700B1D909 /* PBXContainerItemProxy */;
		};
/* End PBXTargetDependency section */

/* Begin PBXVariantGroup section */
		DBF7A7C91A4E6F3700B1D909 /* Main.storyboard */ = {
			isa = PBXVariantGroup;
			children = (
				DBF7A7CA1A4E6F3700B1D909 /* Base */,
			);
			name = Main.storyboard;
			sourceTree = "<group>";
		};
		DBF7A7CE1A4E6F3700B1D909 /* LaunchScreen.xib */ = {
			isa = PBXVariantGroup;
			children = (
				DBF7A7CF1A4E6F3700B1D909 /* Base */,
			);
			name = LaunchScreen.xib;
			sourceTree = "<group>";
		};
/* End PBXVariantGroup section */

/* Begin XCBuildConfiguration section */
		DBF7A7DD1A4E6F3700B1D909 /* Debug */ = {
			isa = XCBuildConfiguration;
			buildSettings = {
				ALWAYS_SEARCH_USER_PATHS = NO;
				CLANG_CXX_LANGUAGE_STANDARD = "gnu++0x";
				CLANG_CXX_LIBRARY = "libc++";
				CLANG_ENABLE_MODULES = YES;
				CLANG_ENABLE_OBJC_ARC = YES;
				CLANG_WARN_BOOL_CONVERSION = YES;
				CLANG_WARN_CONSTANT_CONVERSION = YES;
				CLANG_WARN_DIRECT_OBJC_ISA_USAGE = YES_ERROR;
				CLANG_WARN_EMPTY_BODY = YES;
				CLANG_WARN_ENUM_CONVERSION = YES;
				CLANG_WARN_INT_CONVERSION = YES;
				CLANG_WARN_OBJC_ROOT_CLASS = YES_ERROR;
				CLANG_WARN_UNREACHABLE_CODE = YES;
				CLANG_WARN__DUPLICATE_METHOD_MATCH = YES;
				"CODE_SIGN_IDENTITY[sdk=iphoneos*]" = "iPhone Developer";
				COPY_PHASE_STRIP = NO;
				ENABLE_STRICT_OBJC_MSGSEND = YES;
				GCC_C_LANGUAGE_STANDARD = gnu99;
				GCC_DYNAMIC_NO_PIC = NO;
				GCC_OPTIMIZATION_LEVEL = 0;
				GCC_PREPROCESSOR_DEFINITIONS = (
					"DEBUG=1",
					"$(inherited)",
				);
				GCC_SYMBOLS_PRIVATE_EXTERN = NO;
				GCC_WARN_64_TO_32_BIT_CONVERSION = YES;
				GCC_WARN_ABOUT_RETURN_TYPE = YES_ERROR;
				GCC_WARN_UNDECLARED_SELECTOR = YES;
				GCC_WARN_UNINITIALIZED_AUTOS = YES_AGGRESSIVE;
				GCC_WARN_UNUSED_FUNCTION = YES;
				GCC_WARN_UNUSED_VARIABLE = YES;
				IPHONEOS_DEPLOYMENT_TARGET = 8.1;
				MTL_ENABLE_DEBUG_INFO = YES;
				ONLY_ACTIVE_ARCH = YES;
				SDKROOT = iphoneos;
				SWIFT_OPTIMIZATION_LEVEL = "-Onone";
			};
			name = Debug;
		};
		DBF7A7DE1A4E6F3700B1D909 /* Release */ = {
			isa = XCBuildConfiguration;
			buildSettings = {
				ALWAYS_SEARCH_USER_PATHS = NO;
				CLANG_CXX_LANGUAGE_STANDARD = "gnu++0x";
				CLANG_CXX_LIBRARY = "libc++";
				CLANG_ENABLE_MODULES = YES;
				CLANG_ENABLE_OBJC_ARC = YES;
				CLANG_WARN_BOOL_CONVERSION = YES;
				CLANG_WARN_CONSTANT_CONVERSION = YES;
				CLANG_WARN_DIRECT_OBJC_ISA_USAGE = YES_ERROR;
				CLANG_WARN_EMPTY_BODY = YES;
				CLANG_WARN_ENUM_CONVERSION = YES;
				CLANG_WARN_INT_CONVERSION = YES;
				CLANG_WARN_OBJC_ROOT_CLASS = YES_ERROR;
				CLANG_WARN_UNREACHABLE_CODE = YES;
				CLANG_WARN__DUPLICATE_METHOD_MATCH = YES;
				"CODE_SIGN_IDENTITY[sdk=iphoneos*]" = "iPhone Developer";
				COPY_PHASE_STRIP = YES;
				ENABLE_NS_ASSERTIONS = NO;
				ENABLE_STRICT_OBJC_MSGSEND = YES;
				GCC_C_LANGUAGE_STANDARD = gnu99;
				GCC_WARN_64_TO_32_BIT_CONVERSION = YES;
				GCC_WARN_ABOUT_RETURN_TYPE = YES_ERROR;
				GCC_WARN_UNDECLARED_SELECTOR = YES;
				GCC_WARN_UNINITIALIZED_AUTOS = YES_AGGRESSIVE;
				GCC_WARN_UNUSED_FUNCTION = YES;
				GCC_WARN_UNUSED_VARIABLE = YES;
				IPHONEOS_DEPLOYMENT_TARGET = 8.1;
				MTL_ENABLE_DEBUG_INFO = NO;
				SDKROOT = iphoneos;
				VALIDATE_PRODUCT = YES;
			};
			name = Release;
		};
		DBF7A7E01A4E6F3700B1D909 /* Debug */ = {
			isa = XCBuildConfiguration;
			buildSettings = {
				ASSETCATALOG_COMPILER_APPICON_NAME = AppIcon;
				INFOPLIST_FILE = "Lemonade Stand/Info.plist";
				LD_RUNPATH_SEARCH_PATHS = "$(inherited) @executable_path/Frameworks";
				PRODUCT_NAME = "$(TARGET_NAME)";
			};
			name = Debug;
		};
		DBF7A7E11A4E6F3700B1D909 /* Release */ = {
			isa = XCBuildConfiguration;
			buildSettings = {
				ASSETCATALOG_COMPILER_APPICON_NAME = AppIcon;
				INFOPLIST_FILE = "Lemonade Stand/Info.plist";
				LD_RUNPATH_SEARCH_PATHS = "$(inherited) @executable_path/Frameworks";
				PRODUCT_NAME = "$(TARGET_NAME)";
			};
			name = Release;
		};
		DBF7A7E31A4E6F3700B1D909 /* Debug */ = {
			isa = XCBuildConfiguration;
			buildSettings = {
				BUNDLE_LOADER = "$(TEST_HOST)";
				FRAMEWORK_SEARCH_PATHS = (
					"$(SDKROOT)/Developer/Library/Frameworks",
					"$(inherited)",
				);
				GCC_PREPROCESSOR_DEFINITIONS = (
					"DEBUG=1",
					"$(inherited)",
				);
				INFOPLIST_FILE = "Lemonade StandTests/Info.plist";
				LD_RUNPATH_SEARCH_PATHS = "$(inherited) @executable_path/Frameworks @loader_path/Frameworks";
				PRODUCT_NAME = "$(TARGET_NAME)";
				TEST_HOST = "$(BUILT_PRODUCTS_DIR)/Lemonade Stand.app/Lemonade Stand";
			};
			name = Debug;
		};
		DBF7A7E41A4E6F3700B1D909 /* Release */ = {
			isa = XCBuildConfiguration;
			buildSettings = {
				BUNDLE_LOADER = "$(TEST_HOST)";
				FRAMEWORK_SEARCH_PATHS = (
					"$(SDKROOT)/Developer/Library/Frameworks",
					"$(inherited)",
				);
				INFOPLIST_FILE = "Lemonade StandTests/Info.plist";
				LD_RUNPATH_SEARCH_PATHS = "$(inherited) @executable_path/Frameworks @loader_path/Frameworks";
				PRODUCT_NAME = "$(TARGET_NAME)";
				TEST_HOST = "$(BUILT_PRODUCTS_DIR)/Lemonade Stand.app/Lemonade Stand";
			};
			name = Release;
		};
/* End XCBuildConfiguration section */

/* Begin XCConfigurationList section */
		DBF7A7BB1A4E6F3700B1D909 /* Build configuration list for PBXProject "Lemonade Stand" */ = {
			isa = XCConfigurationList;
			buildConfigurations = (
				DBF7A7DD1A4E6F3700B1D909 /* Debug */,
				DBF7A7DE1A4E6F3700B1D909 /* Release */,
			);
			defaultConfigurationIsVisible = 0;
			defaultConfigurationName = Release;
		};
		DBF7A7DF1A4E6F3700B1D909 /* Build configuration list for PBXNativeTarget "Lemonade Stand" */ = {
			isa = XCConfigurationList;
			buildConfigurations = (
				DBF7A7E01A4E6F3700B1D909 /* Debug */,
				DBF7A7E11A4E6F3700B1D909 /* Release */,
			);
			defaultConfigurationIsVisible = 0;
			defaultConfigurationName = Release;
		};
		DBF7A7E21A4E6F3700B1D909 /* Build configuration list for PBXNativeTarget "Lemonade StandTests" */ = {
			isa = XCConfigurationList;
			buildConfigurations = (
				DBF7A7E31A4E6F3700B1D909 /* Debug */,
				DBF7A7E41A4E6F3700B1D909 /* Release */,
			);
			defaultConfigurationIsVisible = 0;
			defaultConfigurationName = Release;
		};
/* End XCConfigurationList section */
	};
	rootObject = DBF7A7B81A4E6F3700B1D909 /* Project object */;
}
